
Microsoft Visual Studio Solution File, Format Version 12.00
# Visual Studio Version 17
VisualStudioVersion = 17.0.31903.59
MinimumVisualStudioVersion = 10.0.40219.1
Project("{FAE04EC0-301F-11D3-BF4B-00C04F79EFBC}") = "SkriftLoadBalancingDemo.Web", "SkriftLoadBalancingDemo.Web\SkriftLoadBalancingDemo.Web.csproj", "{329E406B-F7F5-4248-BA9D-8ED3159CAEAD}"
EndProject
Global
	GlobalSection(SolutionConfigurationPlatforms) = preSolution
		Debug|Any CPU = Debug|Any CPU
		Release|Any CPU = Release|Any CPU
	EndGlobalSection
	GlobalSection(SolutionProperties) = preSolution
		HideSolutionNode = FALSE
	EndGlobalSection
	GlobalSection(ProjectConfigurationPlatforms) = postSolution
		{329E406B-F7F5-4248-BA9D-8ED3159CAEAD}.Debug|Any CPU.ActiveCfg = Debug|Any CPU
		{329E406B-F7F5-4248-BA9D-8ED3159CAEAD}.Debug|Any CPU.Build.0 = Debug|Any CPU
		{329E406B-F7F5-4248-BA9D-8ED3159CAEAD}.Release|Any CPU.ActiveCfg = Release|Any CPU
		{329E406B-F7F5-4248-BA9D-8ED3159CAEAD}.Release|Any CPU.Build.0 = Release|Any CPU
	EndGlobalSection
EndGlobal
Project("{2150E333-8FDC-42A3-9474-1A3956D46DE8}") = "Solution Files", "Solution Files", "{E87F06C5-BB80-4BD5-9568-0E72EC135C46}"
	ProjectSection(SolutionItems) = preProject
		.dockerignore = .dockerignore
		.editorconfig = .editorconfig
		.gitattributes = .gitattributes
		.gitignore = .gitignore
		.umbraco = .umbraco
		NuGet.config = NuGet.config
		Readme.md = Readme.md
		Subscriber_Dockerfile = Subscriber_Dockerfile
		SkriftLoadBalancingDemo.Web\umbraco-cloud.json = SkriftLoadBalancingDemo.Web\umbraco-cloud.json
	EndProjectSection
EndProject
